
Microsoft Visual Studio Solution File, Format Version 12.00
# Visual Studio Version 17
VisualStudioVersion = 17.4.33122.133
MinimumVisualStudioVersion = 10.0.40219.1
Project("{2150E333-8FDC-42A3-9474-1A3956D46DE8}") = "Services", "Services", "{3F9464F7-B94C-412B-AE46-D71596914F86}"
EndProject
Project("{2150E333-8FDC-42A3-9474-1A3956D46DE8}") = "Catalog", "Catalog", "{2719C79E-1086-4002-B2F6-712741F31BDB}"
EndProject
Project("{9A19103F-16F7-4668-BE54-9A1E7A4F7556}") = "Catalog.API", "Services\Catalog\Catalog.API\Catalog.API.csproj", "{63FF187B-816C-4F57-8D7E-A86748C75E76}"
EndProject
Project("{E53339B2-1760-4266-BCC7-CA923CBCF16C}") = "docker-compose", "docker-compose.dcproj", "{9CFC9AD4-A2FE-4D70-941C-28B38773189C}"
EndProject
Project("{2150E333-8FDC-42A3-9474-1A3956D46DE8}") = "Basket", "Basket", "{757E53D1-5C83-435E-9EC8-AE9F381C7382}"
EndProject
Project("{9A19103F-16F7-4668-BE54-9A1E7A4F7556}") = "Basket.API", "Services\Basket\Basket.API\Basket.API.csproj", "{5187966B-4982-46FE-9CD4-9F6CEDEB6FA4}"
EndProject
Project("{2150E333-8FDC-42A3-9474-1A3956D46DE8}") = "Discount", "Discount", "{481B5639-A0AD-40DA-9C8D-2EC8E32F69F7}"
EndProject
Project("{9A19103F-16F7-4668-BE54-9A1E7A4F7556}") = "Discount.API", "Services\Discount\Discount.API\Discount.API.csproj", "{50C44940-AAB5-4CCB-9C90-1CBFB3D04E39}"
EndProject
Project("{FAE04EC0-301F-11D3-BF4B-00C04F79EFBC}") = "Discount.Grpc", "Services\Discount\Discount.Grpc\Discount.Grpc.csproj", "{0177F17D-6E4E-4675-B103-B1E501133826}"
EndProject
Project("{2150E333-8FDC-42A3-9474-1A3956D46DE8}") = "Ordering", "Ordering", "{01F43D2C-D876-4FFF-A3BD-91B29A3BA517}"
EndProject
Project("{FAE04EC0-301F-11D3-BF4B-00C04F79EFBC}") = "Ordering.API", "Services\Ordering\Ordering.API\Ordering.API.csproj", "{43A16E1F-FF0E-4CDF-AF9E-22F234CDFCC1}"
EndProject
Project("{FAE04EC0-301F-11D3-BF4B-00C04F79EFBC}") = "Ordering.Domain", "Services\Ordering\Ordering.Domain\Ordering.Domain.csproj", "{8C1DD72C-A50A-4842-85E1-FD42BB6715C9}"
EndProject
Project("{FAE04EC0-301F-11D3-BF4B-00C04F79EFBC}") = "Ordering.Application", "Services\Ordering\Ordering.Application\Ordering.Application.csproj", "{BB896474-C4DE-451E-AF93-20FBAEECC214}"
EndProject
Project("{FAE04EC0-301F-11D3-BF4B-00C04F79EFBC}") = "Ordering.Infrastructure", "Services\Ordering\Ordering.Infrastructure\Ordering.Infrastructure.csproj", "{19DCD952-92BC-4524-94BA-5D297B606502}"
EndProject
Global
	GlobalSection(SolutionConfigurationPlatforms) = preSolution
		Debug|Any CPU = Debug|Any CPU
		Release|Any CPU = Release|Any CPU
	EndGlobalSection
	GlobalSection(ProjectConfigurationPlatforms) = postSolution
		{63FF187B-816C-4F57-8D7E-A86748C75E76}.Debug|Any CPU.ActiveCfg = Debug|Any CPU
		{63FF187B-816C-4F57-8D7E-A86748C75E76}.Debug|Any CPU.Build.0 = Debug|Any CPU
		{63FF187B-816C-4F57-8D7E-A86748C75E76}.Release|Any CPU.ActiveCfg = Release|Any CPU
		{63FF187B-816C-4F57-8D7E-A86748C75E76}.Release|Any CPU.Build.0 = Release|Any CPU
		{9CFC9AD4-A2FE-4D70-941C-28B38773189C}.Debug|Any CPU.ActiveCfg = Debug|Any CPU
		{9CFC9AD4-A2FE-4D70-941C-28B38773189C}.Debug|Any CPU.Build.0 = Debug|Any CPU
		{9CFC9AD4-A2FE-4D70-941C-28B38773189C}.Release|Any CPU.ActiveCfg = Release|Any CPU
		{9CFC9AD4-A2FE-4D70-941C-28B38773189C}.Release|Any CPU.Build.0 = Release|Any CPU
		{5187966B-4982-46FE-9CD4-9F6CEDEB6FA4}.Debug|Any CPU.ActiveCfg = Debug|Any CPU
		{5187966B-4982-46FE-9CD4-9F6CEDEB6FA4}.Debug|Any CPU.Build.0 = Debug|Any CPU
		{5187966B-4982-46FE-9CD4-9F6CEDEB6FA4}.Release|Any CPU.ActiveCfg = Release|Any CPU
		{5187966B-4982-46FE-9CD4-9F6CEDEB6FA4}.Release|Any CPU.Build.0 = Release|Any CPU
		{50C44940-AAB5-4CCB-9C90-1CBFB3D04E39}.Debug|Any CPU.ActiveCfg = Debug|Any CPU
		{50C44940-AAB5-4CCB-9C90-1CBFB3D04E39}.Debug|Any CPU.Build.0 = Debug|Any CPU
		{50C44940-AAB5-4CCB-9C90-1CBFB3D04E39}.Release|Any CPU.ActiveCfg = Release|Any CPU
		{50C44940-AAB5-4CCB-9C90-1CBFB3D04E39}.Release|Any CPU.Build.0 = Release|Any CPU
		{0177F17D-6E4E-4675-B103-B1E501133826}.Debug|Any CPU.ActiveCfg = Debug|Any CPU
		{0177F17D-6E4E-4675-B103-B1E501133826}.Debug|Any CPU.Build.0 = Debug|Any CPU
		{0177F17D-6E4E-4675-B103-B1E501133826}.Release|Any CPU.ActiveCfg = Release|Any CPU
		{0177F17D-6E4E-4675-B103-B1E501133826}.Release|Any CPU.Build.0 = Release|Any CPU
		{43A16E1F-FF0E-4CDF-AF9E-22F234CDFCC1}.Debug|Any CPU.ActiveCfg = Debug|Any CPU
		{43A16E1F-FF0E-4CDF-AF9E-22F234CDFCC1}.Debug|Any CPU.Build.0 = Debug|Any CPU
		{43A16E1F-FF0E-4CDF-AF9E-22F234CDFCC1}.Release|Any CPU.ActiveCfg = Release|Any CPU
		{43A16E1F-FF0E-4CDF-AF9E-22F234CDFCC1}.Release|Any CPU.Build.0 = Release|Any CPU
		{8C1DD72C-A50A-4842-85E1-FD42BB6715C9}.Debug|Any CPU.ActiveCfg = Debug|Any CPU
		{8C1DD72C-A50A-4842-85E1-FD42BB6715C9}.Debug|Any CPU.Build.0 = Debug|Any CPU
		{8C1DD72C-A50A-4842-85E1-FD42BB6715C9}.Release|Any CPU.ActiveCfg = Release|Any CPU
		{8C1DD72C-A50A-4842-85E1-FD42BB6715C9}.Release|Any CPU.Build.0 = Release|Any CPU
		{BB896474-C4DE-451E-AF93-20FBAEECC214}.Debug|Any CPU.ActiveCfg = Debug|Any CPU
		{BB896474-C4DE-451E-AF93-20FBAEECC214}.Debug|Any CPU.Build.0 = Debug|Any CPU
		{BB896474-C4DE-451E-AF93-20FBAEECC214}.Release|Any CPU.ActiveCfg = Release|Any CPU
		{BB896474-C4DE-451E-AF93-20FBAEECC214}.Release|Any CPU.Build.0 = Release|Any CPU
		{19DCD952-92BC-4524-94BA-5D297B606502}.Debug|Any CPU.ActiveCfg = Debug|Any CPU
		{19DCD952-92BC-4524-94BA-5D297B606502}.Debug|Any CPU.Build.0 = Debug|Any CPU
		{19DCD952-92BC-4524-94BA-5D297B606502}.Release|Any CPU.ActiveCfg = Release|Any CPU
		{19DCD952-92BC-4524-94BA-5D297B606502}.Release|Any CPU.Build.0 = Release|Any CPU
	EndGlobalSection
	GlobalSection(SolutionProperties) = preSolution
		HideSolutionNode = FALSE
	EndGlobalSection
	GlobalSection(NestedProjects) = preSolution
		{2719C79E-1086-4002-B2F6-712741F31BDB} = {3F9464F7-B94C-412B-AE46-D71596914F86}
		{63FF187B-816C-4F57-8D7E-A86748C75E76} = {2719C79E-1086-4002-B2F6-712741F31BDB}
		{757E53D1-5C83-435E-9EC8-AE9F381C7382} = {3F9464F7-B94C-412B-AE46-D71596914F86}
		{5187966B-4982-46FE-9CD4-9F6CEDEB6FA4} = {757E53D1-5C83-435E-9EC8-AE9F381C7382}
		{481B5639-A0AD-40DA-9C8D-2EC8E32F69F7} = {3F9464F7-B94C-412B-AE46-D71596914F86}
		{50C44940-AAB5-4CCB-9C90-1CBFB3D04E39} = {481B5639-A0AD-40DA-9C8D-2EC8E32F69F7}
		{0177F17D-6E4E-4675-B103-B1E501133826} = {481B5639-A0AD-40DA-9C8D-2EC8E32F69F7}
		{01F43D2C-D876-4FFF-A3BD-91B29A3BA517} = {3F9464F7-B94C-412B-AE46-D71596914F86}
		{43A16E1F-FF0E-4CDF-AF9E-22F234CDFCC1} = {01F43D2C-D876-4FFF-A3BD-91B29A3BA517}
		{8C1DD72C-A50A-4842-85E1-FD42BB6715C9} = {01F43D2C-D876-4FFF-A3BD-91B29A3BA517}
		{BB896474-C4DE-451E-AF93-20FBAEECC214} = {01F43D2C-D876-4FFF-A3BD-91B29A3BA517}
		{19DCD952-92BC-4524-94BA-5D297B606502} = {01F43D2C-D876-4FFF-A3BD-91B29A3BA517}
	EndGlobalSection
	GlobalSection(ExtensibilityGlobals) = postSolution
		SolutionGuid = {A9C794D1-1F18-4112-834C-64B79D540CC5}
	EndGlobalSection
EndGlobal
